
Microsoft Visual Studio Solution File, Format Version 12.00
# Visual Studio Version 16
VisualStudioVersion = 16.0.30621.155
MinimumVisualStudioVersion = 10.0.40219.1
Project("{8BC9CEB8-8B4A-11D0-8D11-00A0C91BC942}") = "Laba5", "Laba5\Laba5.vcxproj", "{C204DB3D-C4FC-4448-833C-9CC5BEBC3940}"
EndProject
Global
	GlobalSection(SolutionConfigurationPlatforms) = preSolution
		Debug|x64 = Debug|x64
		Debug|x86 = Debug|x86
		Release|x64 = Release|x64
		Release|x86 = Release|x86
	EndGlobalSection
	GlobalSection(ProjectConfigurationPlatforms) = postSolution
		{C204DB3D-C4FC-4448-833C-9CC5BEBC3940}.Debug|x64.ActiveCfg = Debug|x64
		{C204DB3D-C4FC-4448-833C-9CC5BEBC3940}.Debug|x64.Build.0 = Debug|x64
		{C204DB3D-C4FC-4448-833C-9CC5BEBC3940}.Debug|x86.ActiveCfg = Debug|Win32
		{C204DB3D-C4FC-4448-833C-9CC5BEBC3940}.Debug|x86.Build.0 = Debug|Win32
		{C204DB3D-C4FC-4448-833C-9CC5BEBC3940}.Release|x64.ActiveCfg = Release|x64
		{C204DB3D-C4FC-4448-833C-9CC5BEBC3940}.Release|x64.Build.0 = Release|x64
		{C204DB3D-C4FC-4448-833C-9CC5BEBC3940}.Release|x86.ActiveCfg = Release|Win32
		{C204DB3D-C4FC-4448-833C-9CC5BEBC3940}.Release|x86.Build.0 = Release|Win32
	EndGlobalSection
	GlobalSection(SolutionProperties) = preSolution
		HideSolutionNode = FALSE
	EndGlobalSection
	GlobalSection(ExtensibilityGlobals) = postSolution
		SolutionGuid = {6681AC64-06D4-4897-A6CA-E451A6F8EFE6}
	EndGlobalSection
EndGlobal
